
Microsoft Visual Studio Solution File, Format Version 12.00
# Visual Studio 15
VisualStudioVersion = 15.0.27130.2036
MinimumVisualStudioVersion = 10.0.40219.1
Project("{FAE04EC0-301F-11D3-BF4B-00C04F79EFBC}") = "Forerunner", "Forerunner\Forerunner.csproj", "{49ED7F0B-C2FB-499B-A7C3-66EB1601E9AB}"
EndProject
Project("{FAE04EC0-301F-11D3-BF4B-00C04F79EFBC}") = "Forerunner.Tests", "Forerunner.Tests\Forerunner.Tests.csproj", "{CC6C5FD5-95F8-4C4E-BF82-503A87E5017F}"
EndProject
Global
	GlobalSection(SolutionConfigurationPlatforms) = preSolution
		Debug|Any CPU = Debug|Any CPU
		Release|Any CPU = Release|Any CPU
	EndGlobalSection
	GlobalSection(ProjectConfigurationPlatforms) = postSolution
		{49ED7F0B-C2FB-499B-A7C3-66EB1601E9AB}.Debug|Any CPU.ActiveCfg = Debug|Any CPU
		{49ED7F0B-C2FB-499B-A7C3-66EB1601E9AB}.Debug|Any CPU.Build.0 = Debug|Any CPU
		{49ED7F0B-C2FB-499B-A7C3-66EB1601E9AB}.Release|Any CPU.ActiveCfg = Release|Any CPU
		{49ED7F0B-C2FB-499B-A7C3-66EB1601E9AB}.Release|Any CPU.Build.0 = Release|Any CPU
		{CC6C5FD5-95F8-4C4E-BF82-503A87E5017F}.Debug|Any CPU.ActiveCfg = Debug|Any CPU
		{CC6C5FD5-95F8-4C4E-BF82-503A87E5017F}.Debug|Any CPU.Build.0 = Debug|Any CPU
		{CC6C5FD5-95F8-4C4E-BF82-503A87E5017F}.Release|Any CPU.ActiveCfg = Release|Any CPU
		{CC6C5FD5-95F8-4C4E-BF82-503A87E5017F}.Release|Any CPU.Build.0 = Release|Any CPU
	EndGlobalSection
	GlobalSection(SolutionProperties) = preSolution
		HideSolutionNode = FALSE
	EndGlobalSection
	GlobalSection(ExtensibilityGlobals) = postSolution
		SolutionGuid = {FA5B1A66-2402-4008-B457-A740F80DE6F2}
	EndGlobalSection
EndGlobal
